
Microsoft Visual Studio Solution File, Format Version 12.00
Project("{FAE04EC0-301F-11D3-BF4B-00C04F79EFBC}") = "BookStore", "BookStore\BookStore.csproj", "{C88E3CCD-EAB2-4820-9731-7A19D0B3EACB}"
EndProject
Global
	GlobalSection(SolutionConfigurationPlatforms) = preSolution
		Debug|Any CPU = Debug|Any CPU
		Release|Any CPU = Release|Any CPU
	EndGlobalSection
	GlobalSection(ProjectConfigurationPlatforms) = postSolution
		{C88E3CCD-EAB2-4820-9731-7A19D0B3EACB}.Debug|Any CPU.ActiveCfg = Debug|Any CPU
		{C88E3CCD-EAB2-4820-9731-7A19D0B3EACB}.Debug|Any CPU.Build.0 = Debug|Any CPU
		{C88E3CCD-EAB2-4820-9731-7A19D0B3EACB}.Release|Any CPU.ActiveCfg = Release|Any CPU
		{C88E3CCD-EAB2-4820-9731-7A19D0B3EACB}.Release|Any CPU.Build.0 = Release|Any CPU
	EndGlobalSection
EndGlobal
